
Microsoft Visual Studio Solution File, Format Version 12.00
Project("{FAE04EC0-301F-11D3-BF4B-00C04F79EFBC}") = "FileshareBackend", "FileshareBackend\FileshareBackend.csproj", "{4A831D1B-0718-4D33-AE8D-400CA7633517}"
EndProject
Project("{FAE04EC0-301F-11D3-BF4B-00C04F79EFBC}") = "DAL", "DAL\DAL.csproj", "{802F1F17-3F31-4D4E-A8A0-2135240B2BB3}"
EndProject
Global
	GlobalSection(SolutionConfigurationPlatforms) = preSolution
		Debug|Any CPU = Debug|Any CPU
		Release|Any CPU = Release|Any CPU
	EndGlobalSection
	GlobalSection(ProjectConfigurationPlatforms) = postSolution
		{4A831D1B-0718-4D33-AE8D-400CA7633517}.Debug|Any CPU.ActiveCfg = Debug|Any CPU
		{4A831D1B-0718-4D33-AE8D-400CA7633517}.Debug|Any CPU.Build.0 = Debug|Any CPU
		{4A831D1B-0718-4D33-AE8D-400CA7633517}.Release|Any CPU.ActiveCfg = Release|Any CPU
		{4A831D1B-0718-4D33-AE8D-400CA7633517}.Release|Any CPU.Build.0 = Release|Any CPU
		{802F1F17-3F31-4D4E-A8A0-2135240B2BB3}.Debug|Any CPU.ActiveCfg = Debug|Any CPU
		{802F1F17-3F31-4D4E-A8A0-2135240B2BB3}.Debug|Any CPU.Build.0 = Debug|Any CPU
		{802F1F17-3F31-4D4E-A8A0-2135240B2BB3}.Release|Any CPU.ActiveCfg = Release|Any CPU
		{802F1F17-3F31-4D4E-A8A0-2135240B2BB3}.Release|Any CPU.Build.0 = Release|Any CPU
	EndGlobalSection
EndGlobal
